
Microsoft Visual Studio Solution File, Format Version 12.00
# Visual Studio 2012
Project("{FAE04EC0-301F-11D3-BF4B-00C04F79EFBC}") = "PremiseWP", "PremiseWP\PremiseWP.csproj", "{DF1B5A6D-0B89-4770-B568-DF60B6E21DCB}"
EndProject
Global
	GlobalSection(SolutionConfigurationPlatforms) = preSolution
		Debug|Any CPU = Debug|Any CPU
		Debug|ARM = Debug|ARM
		Debug|x86 = Debug|x86
		Release|Any CPU = Release|Any CPU
		Release|ARM = Release|ARM
		Release|x86 = Release|x86
	EndGlobalSection
	GlobalSection(ProjectConfigurationPlatforms) = postSolution
		{DF1B5A6D-0B89-4770-B568-DF60B6E21DCB}.Debug|Any CPU.ActiveCfg = Debug|Any CPU
		{DF1B5A6D-0B89-4770-B568-DF60B6E21DCB}.Debug|Any CPU.Build.0 = Debug|Any CPU
		{DF1B5A6D-0B89-4770-B568-DF60B6E21DCB}.Debug|Any CPU.Deploy.0 = Debug|Any CPU
		{DF1B5A6D-0B89-4770-B568-DF60B6E21DCB}.Debug|ARM.ActiveCfg = Debug|ARM
		{DF1B5A6D-0B89-4770-B568-DF60B6E21DCB}.Debug|ARM.Build.0 = Debug|ARM
		{DF1B5A6D-0B89-4770-B568-DF60B6E21DCB}.Debug|ARM.Deploy.0 = Debug|ARM
		{DF1B5A6D-0B89-4770-B568-DF60B6E21DCB}.Debug|x86.ActiveCfg = Debug|x86
		{DF1B5A6D-0B89-4770-B568-DF60B6E21DCB}.Debug|x86.Build.0 = Debug|x86
		{DF1B5A6D-0B89-4770-B568-DF60B6E21DCB}.Debug|x86.Deploy.0 = Debug|x86
		{DF1B5A6D-0B89-4770-B568-DF60B6E21DCB}.Release|Any CPU.ActiveCfg = Release|Any CPU
		{DF1B5A6D-0B89-4770-B568-DF60B6E21DCB}.Release|Any CPU.Build.0 = Release|Any CPU
		{DF1B5A6D-0B89-4770-B568-DF60B6E21DCB}.Release|Any CPU.Deploy.0 = Release|Any CPU
		{DF1B5A6D-0B89-4770-B568-DF60B6E21DCB}.Release|ARM.ActiveCfg = Release|ARM
		{DF1B5A6D-0B89-4770-B568-DF60B6E21DCB}.Release|ARM.Build.0 = Release|ARM
		{DF1B5A6D-0B89-4770-B568-DF60B6E21DCB}.Release|ARM.Deploy.0 = Release|ARM
		{DF1B5A6D-0B89-4770-B568-DF60B6E21DCB}.Release|x86.ActiveCfg = Release|x86
		{DF1B5A6D-0B89-4770-B568-DF60B6E21DCB}.Release|x86.Build.0 = Release|x86
		{DF1B5A6D-0B89-4770-B568-DF60B6E21DCB}.Release|x86.Deploy.0 = Release|x86
	EndGlobalSection
	GlobalSection(SolutionProperties) = preSolution
		HideSolutionNode = FALSE
	EndGlobalSection
EndGlobal
