
Microsoft Visual Studio Solution File, Format Version 12.00
# Visual Studio 2012
Project("{FAE04EC0-301F-11D3-BF4B-00C04F79EFBC}") = "PremiseMetro", "PremiseMetro\PremiseMetro.csproj", "{ED497D90-4A39-4F8F-80C7-AD0BF4ED15AA}"
EndProject
Project("{FAE04EC0-301F-11D3-BF4B-00C04F79EFBC}") = "PremiseWebClient", "..\Lib\PremiseWebClient\PremiseWebClient.csproj", "{88A57AAC-25E5-4089-BA2A-730F916796F4}"
EndProject
Global
	GlobalSection(SolutionConfigurationPlatforms) = preSolution
		Debug|Any CPU = Debug|Any CPU
		Debug|ARM = Debug|ARM
		Debug|x64 = Debug|x64
		Debug|x86 = Debug|x86
		Release|Any CPU = Release|Any CPU
		Release|ARM = Release|ARM
		Release|x64 = Release|x64
		Release|x86 = Release|x86
	EndGlobalSection
	GlobalSection(ProjectConfigurationPlatforms) = postSolution
		{ED497D90-4A39-4F8F-80C7-AD0BF4ED15AA}.Debug|Any CPU.ActiveCfg = Debug|Any CPU
		{ED497D90-4A39-4F8F-80C7-AD0BF4ED15AA}.Debug|Any CPU.Build.0 = Debug|Any CPU
		{ED497D90-4A39-4F8F-80C7-AD0BF4ED15AA}.Debug|Any CPU.Deploy.0 = Debug|Any CPU
		{ED497D90-4A39-4F8F-80C7-AD0BF4ED15AA}.Debug|ARM.ActiveCfg = Debug|ARM
		{ED497D90-4A39-4F8F-80C7-AD0BF4ED15AA}.Debug|ARM.Build.0 = Debug|ARM
		{ED497D90-4A39-4F8F-80C7-AD0BF4ED15AA}.Debug|ARM.Deploy.0 = Debug|ARM
		{ED497D90-4A39-4F8F-80C7-AD0BF4ED15AA}.Debug|x64.ActiveCfg = Debug|x64
		{ED497D90-4A39-4F8F-80C7-AD0BF4ED15AA}.Debug|x64.Build.0 = Debug|x64
		{ED497D90-4A39-4F8F-80C7-AD0BF4ED15AA}.Debug|x64.Deploy.0 = Debug|x64
		{ED497D90-4A39-4F8F-80C7-AD0BF4ED15AA}.Debug|x86.ActiveCfg = Debug|x86
		{ED497D90-4A39-4F8F-80C7-AD0BF4ED15AA}.Debug|x86.Build.0 = Debug|x86
		{ED497D90-4A39-4F8F-80C7-AD0BF4ED15AA}.Debug|x86.Deploy.0 = Debug|x86
		{ED497D90-4A39-4F8F-80C7-AD0BF4ED15AA}.Release|Any CPU.ActiveCfg = Release|Any CPU
		{ED497D90-4A39-4F8F-80C7-AD0BF4ED15AA}.Release|Any CPU.Build.0 = Release|Any CPU
		{ED497D90-4A39-4F8F-80C7-AD0BF4ED15AA}.Release|Any CPU.Deploy.0 = Release|Any CPU
		{ED497D90-4A39-4F8F-80C7-AD0BF4ED15AA}.Release|ARM.ActiveCfg = Release|ARM
		{ED497D90-4A39-4F8F-80C7-AD0BF4ED15AA}.Release|ARM.Build.0 = Release|ARM
		{ED497D90-4A39-4F8F-80C7-AD0BF4ED15AA}.Release|ARM.Deploy.0 = Release|ARM
		{ED497D90-4A39-4F8F-80C7-AD0BF4ED15AA}.Release|x64.ActiveCfg = Release|x64
		{ED497D90-4A39-4F8F-80C7-AD0BF4ED15AA}.Release|x64.Build.0 = Release|x64
		{ED497D90-4A39-4F8F-80C7-AD0BF4ED15AA}.Release|x64.Deploy.0 = Release|x64
		{ED497D90-4A39-4F8F-80C7-AD0BF4ED15AA}.Release|x86.ActiveCfg = Release|x86
		{ED497D90-4A39-4F8F-80C7-AD0BF4ED15AA}.Release|x86.Build.0 = Release|x86
		{ED497D90-4A39-4F8F-80C7-AD0BF4ED15AA}.Release|x86.Deploy.0 = Release|x86
		{88A57AAC-25E5-4089-BA2A-730F916796F4}.Debug|Any CPU.ActiveCfg = Debug|Any CPU
		{88A57AAC-25E5-4089-BA2A-730F916796F4}.Debug|Any CPU.Build.0 = Debug|Any CPU
		{88A57AAC-25E5-4089-BA2A-730F916796F4}.Debug|ARM.ActiveCfg = Debug|Any CPU
		{88A57AAC-25E5-4089-BA2A-730F916796F4}.Debug|x64.ActiveCfg = Debug|Any CPU
		{88A57AAC-25E5-4089-BA2A-730F916796F4}.Debug|x86.ActiveCfg = Debug|Any CPU
		{88A57AAC-25E5-4089-BA2A-730F916796F4}.Release|Any CPU.ActiveCfg = Release|Any CPU
		{88A57AAC-25E5-4089-BA2A-730F916796F4}.Release|Any CPU.Build.0 = Release|Any CPU
		{88A57AAC-25E5-4089-BA2A-730F916796F4}.Release|ARM.ActiveCfg = Release|Any CPU
		{88A57AAC-25E5-4089-BA2A-730F916796F4}.Release|x64.ActiveCfg = Release|Any CPU
		{88A57AAC-25E5-4089-BA2A-730F916796F4}.Release|x86.ActiveCfg = Release|Any CPU
	EndGlobalSection
	GlobalSection(SolutionProperties) = preSolution
		HideSolutionNode = FALSE
	EndGlobalSection
EndGlobal
