
Microsoft Visual Studio Solution File, Format Version 12.00
# Visual Studio 2012
Project("{FAE04EC0-301F-11D3-BF4B-00C04F79EFBC}") = "pr", "pr\pr.csproj", "{00F8A1BC-49F1-4011-BA81-F5C132971DF7}"
EndProject
Project("{FAE04EC0-301F-11D3-BF4B-00C04F79EFBC}") = "PremiseServerTests", "PremiseServerTests\PremiseServerTests.csproj", "{CA13E2E0-63CC-4903-B7F3-DE32BE7F6550}"
EndProject
Project("{FAE04EC0-301F-11D3-BF4B-00C04F79EFBC}") = "PremiseClientLib", "Premise\PremiseClientLib.csproj", "{AC0A6C0F-2710-4861-B248-C1F2E36EF507}"
EndProject
Global
	GlobalSection(SolutionConfigurationPlatforms) = preSolution
		Debug|Any CPU = Debug|Any CPU
		Release|Any CPU = Release|Any CPU
	EndGlobalSection
	GlobalSection(ProjectConfigurationPlatforms) = postSolution
		{00F8A1BC-49F1-4011-BA81-F5C132971DF7}.Debug|Any CPU.ActiveCfg = Debug|Any CPU
		{00F8A1BC-49F1-4011-BA81-F5C132971DF7}.Debug|Any CPU.Build.0 = Debug|Any CPU
		{00F8A1BC-49F1-4011-BA81-F5C132971DF7}.Release|Any CPU.ActiveCfg = Release|Any CPU
		{00F8A1BC-49F1-4011-BA81-F5C132971DF7}.Release|Any CPU.Build.0 = Release|Any CPU
		{CA13E2E0-63CC-4903-B7F3-DE32BE7F6550}.Debug|Any CPU.ActiveCfg = Debug|Any CPU
		{CA13E2E0-63CC-4903-B7F3-DE32BE7F6550}.Debug|Any CPU.Build.0 = Debug|Any CPU
		{CA13E2E0-63CC-4903-B7F3-DE32BE7F6550}.Release|Any CPU.ActiveCfg = Release|Any CPU
		{CA13E2E0-63CC-4903-B7F3-DE32BE7F6550}.Release|Any CPU.Build.0 = Release|Any CPU
		{AC0A6C0F-2710-4861-B248-C1F2E36EF507}.Debug|Any CPU.ActiveCfg = Debug|Any CPU
		{AC0A6C0F-2710-4861-B248-C1F2E36EF507}.Debug|Any CPU.Build.0 = Debug|Any CPU
		{AC0A6C0F-2710-4861-B248-C1F2E36EF507}.Release|Any CPU.ActiveCfg = Release|Any CPU
		{AC0A6C0F-2710-4861-B248-C1F2E36EF507}.Release|Any CPU.Build.0 = Release|Any CPU
	EndGlobalSection
	GlobalSection(SolutionProperties) = preSolution
		HideSolutionNode = FALSE
	EndGlobalSection
EndGlobal
